
Microsoft Visual Studio Solution File, Format Version 12.00
# Visual Studio Version 16
VisualStudioVersion = 16.0.31005.135
MinimumVisualStudioVersion = 10.0.40219.1
Project("{FAE04EC0-301F-11D3-BF4B-00C04F79EFBC}") = "Laba2", "Laba2\Laba2.csproj", "{7405C490-0A4E-4249-9AB6-ACBFA6B988C8}"
EndProject
Project("{FAE04EC0-301F-11D3-BF4B-00C04F79EFBC}") = "PluginInterface", "PluginInterface\PluginInterface.csproj", "{72DB9077-70EF-40DC-A8F3-F3E57366895C}"
EndProject
Project("{FAE04EC0-301F-11D3-BF4B-00C04F79EFBC}") = "Figures", "Figures\Figures.csproj", "{9D17165C-F244-49D1-B12D-E4BBC74FEB44}"
EndProject
Project("{FAE04EC0-301F-11D3-BF4B-00C04F79EFBC}") = "PluginArea", "PluginArea\PluginArea.csproj", "{5D74FD29-07A6-4600-9988-F395A206F8F8}"
EndProject
Project("{FAE04EC0-301F-11D3-BF4B-00C04F79EFBC}") = "PluginPerimeter", "PluginPerimeter\PluginPerimeter.csproj", "{21E03E04-62EB-4619-8F1A-1F2883720E7F}"
EndProject
Project("{FAE04EC0-301F-11D3-BF4B-00C04F79EFBC}") = "ProcessingInterface", "ProcessingInterface\ProcessingInterface.csproj", "{47D96B1F-A550-48E3-9576-F0C08865E276}"
EndProject
Global
	GlobalSection(SolutionConfigurationPlatforms) = preSolution
		Debug|Any CPU = Debug|Any CPU
		Release|Any CPU = Release|Any CPU
	EndGlobalSection
	GlobalSection(ProjectConfigurationPlatforms) = postSolution
		{7405C490-0A4E-4249-9AB6-ACBFA6B988C8}.Debug|Any CPU.ActiveCfg = Debug|Any CPU
		{7405C490-0A4E-4249-9AB6-ACBFA6B988C8}.Debug|Any CPU.Build.0 = Debug|Any CPU
		{7405C490-0A4E-4249-9AB6-ACBFA6B988C8}.Release|Any CPU.ActiveCfg = Release|Any CPU
		{7405C490-0A4E-4249-9AB6-ACBFA6B988C8}.Release|Any CPU.Build.0 = Release|Any CPU
		{72DB9077-70EF-40DC-A8F3-F3E57366895C}.Debug|Any CPU.ActiveCfg = Debug|Any CPU
		{72DB9077-70EF-40DC-A8F3-F3E57366895C}.Debug|Any CPU.Build.0 = Debug|Any CPU
		{72DB9077-70EF-40DC-A8F3-F3E57366895C}.Release|Any CPU.ActiveCfg = Release|Any CPU
		{72DB9077-70EF-40DC-A8F3-F3E57366895C}.Release|Any CPU.Build.0 = Release|Any CPU
		{9D17165C-F244-49D1-B12D-E4BBC74FEB44}.Debug|Any CPU.ActiveCfg = Debug|Any CPU
		{9D17165C-F244-49D1-B12D-E4BBC74FEB44}.Debug|Any CPU.Build.0 = Debug|Any CPU
		{9D17165C-F244-49D1-B12D-E4BBC74FEB44}.Release|Any CPU.ActiveCfg = Release|Any CPU
		{9D17165C-F244-49D1-B12D-E4BBC74FEB44}.Release|Any CPU.Build.0 = Release|Any CPU
		{5D74FD29-07A6-4600-9988-F395A206F8F8}.Debug|Any CPU.ActiveCfg = Debug|Any CPU
		{5D74FD29-07A6-4600-9988-F395A206F8F8}.Debug|Any CPU.Build.0 = Debug|Any CPU
		{5D74FD29-07A6-4600-9988-F395A206F8F8}.Release|Any CPU.ActiveCfg = Release|Any CPU
		{5D74FD29-07A6-4600-9988-F395A206F8F8}.Release|Any CPU.Build.0 = Release|Any CPU
		{21E03E04-62EB-4619-8F1A-1F2883720E7F}.Debug|Any CPU.ActiveCfg = Debug|Any CPU
		{21E03E04-62EB-4619-8F1A-1F2883720E7F}.Debug|Any CPU.Build.0 = Debug|Any CPU
		{21E03E04-62EB-4619-8F1A-1F2883720E7F}.Release|Any CPU.ActiveCfg = Release|Any CPU
		{21E03E04-62EB-4619-8F1A-1F2883720E7F}.Release|Any CPU.Build.0 = Release|Any CPU
		{47D96B1F-A550-48E3-9576-F0C08865E276}.Debug|Any CPU.ActiveCfg = Debug|Any CPU
		{47D96B1F-A550-48E3-9576-F0C08865E276}.Debug|Any CPU.Build.0 = Debug|Any CPU
		{47D96B1F-A550-48E3-9576-F0C08865E276}.Release|Any CPU.ActiveCfg = Release|Any CPU
		{47D96B1F-A550-48E3-9576-F0C08865E276}.Release|Any CPU.Build.0 = Release|Any CPU
	EndGlobalSection
	GlobalSection(SolutionProperties) = preSolution
		HideSolutionNode = FALSE
	EndGlobalSection
	GlobalSection(ExtensibilityGlobals) = postSolution
		SolutionGuid = {B15F552B-852A-4485-BF86-B2484E0529BD}
	EndGlobalSection
EndGlobal
